
Microsoft Visual Studio Solution File, Format Version 12.00
# Visual Studio Version 17
VisualStudioVersion = 17.10.35013.160
MinimumVisualStudioVersion = 10.0.40219.1
Project("{FAE04EC0-301F-11D3-BF4B-00C04F79EFBC}") = "BreakfastOrder", "BreakfastOrder\BreakfastOrder.csproj", "{16C22734-ED8C-4B0E-B82A-F7CD0B8577E9}"
EndProject
Global
	GlobalSection(SolutionConfigurationPlatforms) = preSolution
		Debug|Any CPU = Debug|Any CPU
		Release|Any CPU = Release|Any CPU
	EndGlobalSection
	GlobalSection(ProjectConfigurationPlatforms) = postSolution
		{16C22734-ED8C-4B0E-B82A-F7CD0B8577E9}.Debug|Any CPU.ActiveCfg = Debug|Any CPU
		{16C22734-ED8C-4B0E-B82A-F7CD0B8577E9}.Debug|Any CPU.Build.0 = Debug|Any CPU
		{16C22734-ED8C-4B0E-B82A-F7CD0B8577E9}.Release|Any CPU.ActiveCfg = Release|Any CPU
		{16C22734-ED8C-4B0E-B82A-F7CD0B8577E9}.Release|Any CPU.Build.0 = Release|Any CPU
	EndGlobalSection
	GlobalSection(SolutionProperties) = preSolution
		HideSolutionNode = FALSE
	EndGlobalSection
	GlobalSection(ExtensibilityGlobals) = postSolution
		SolutionGuid = {5AEC1C04-E3AE-4537-8D41-1357FA6B79A6}
	EndGlobalSection
EndGlobal
